
Microsoft Visual Studio Solution File, Format Version 12.00
# Visual Studio 2012
Project("{FAE04EC0-301F-11D3-BF4B-00C04F79EFBC}") = "KidoZen.Client.Android", "KidoZen.Client.Android\KidoZen.Client.Android.csproj", "{9FBDA777-5C66-441C-9AA2-7F4BCD41413A}"
EndProject
Project("{FAE04EC0-301F-11D3-BF4B-00C04F79EFBC}") = "Kidozen.Client.iOS", "Kidozen.Client.iOS\Kidozen.Client.iOS.csproj", "{7629516B-62CE-41DD-A943-18633C705ADB}"
EndProject
Project("{FAE04EC0-301F-11D3-BF4B-00C04F79EFBC}") = "KidoZen.Core", "Core\KidoZen.Core.csproj", "{58E0303B-84A3-4B1F-B992-2E2D48C5E019}"
EndProject
Project("{FAE04EC0-301F-11D3-BF4B-00C04F79EFBC}") = "KidoZen.Core.Tests", "CoreTests\KidoZen.Core.Tests.csproj", "{0C1D7BCF-67FB-43E2-B091-8432C78D8154}"
EndProject
Global
	GlobalSection(SolutionConfigurationPlatforms) = preSolution
		Debug|Any CPU = Debug|Any CPU
		Debug|ARM = Debug|ARM
		Debug|Mixed Platforms = Debug|Mixed Platforms
		Debug|Win32 = Debug|Win32
		Debug|x64 = Debug|x64
		Debug|x86 = Debug|x86
		Release|Any CPU = Release|Any CPU
		Release|ARM = Release|ARM
		Release|Mixed Platforms = Release|Mixed Platforms
		Release|Win32 = Release|Win32
		Release|x64 = Release|x64
		Release|x86 = Release|x86
		Debug|iPhoneSimulator = Debug|iPhoneSimulator
		Release|iPhoneSimulator = Release|iPhoneSimulator
		Debug|iPhone = Debug|iPhone
		Release|iPhone = Release|iPhone
		Ad-Hoc|iPhone = Ad-Hoc|iPhone
		AppStore|iPhone = AppStore|iPhone
		Default|Any CPU = Default|Any CPU
		Debug_Ubuntu|Any CPU = Debug_Ubuntu|Any CPU
		Release_Ubuntu|Any CPU = Release_Ubuntu|Any CPU
	EndGlobalSection
	GlobalSection(ProjectConfigurationPlatforms) = postSolution
		{0C1D7BCF-67FB-43E2-B091-8432C78D8154}.Ad-Hoc|iPhone.ActiveCfg = Release|Any CPU
		{0C1D7BCF-67FB-43E2-B091-8432C78D8154}.Ad-Hoc|iPhone.Build.0 = Release|Any CPU
		{0C1D7BCF-67FB-43E2-B091-8432C78D8154}.AppStore|iPhone.ActiveCfg = Release|Any CPU
		{0C1D7BCF-67FB-43E2-B091-8432C78D8154}.AppStore|iPhone.Build.0 = Release|Any CPU
		{0C1D7BCF-67FB-43E2-B091-8432C78D8154}.Debug_Ubuntu|Any CPU.ActiveCfg = Debug|Any CPU
		{0C1D7BCF-67FB-43E2-B091-8432C78D8154}.Debug_Ubuntu|Any CPU.Build.0 = Debug|Any CPU
		{0C1D7BCF-67FB-43E2-B091-8432C78D8154}.Debug|Any CPU.ActiveCfg = Debug|Any CPU
		{0C1D7BCF-67FB-43E2-B091-8432C78D8154}.Debug|Any CPU.Build.0 = Debug|Any CPU
		{0C1D7BCF-67FB-43E2-B091-8432C78D8154}.Debug|ARM.ActiveCfg = Debug|Any CPU
		{0C1D7BCF-67FB-43E2-B091-8432C78D8154}.Debug|ARM.Build.0 = Debug|Any CPU
		{0C1D7BCF-67FB-43E2-B091-8432C78D8154}.Debug|iPhone.ActiveCfg = Debug|Any CPU
		{0C1D7BCF-67FB-43E2-B091-8432C78D8154}.Debug|iPhone.Build.0 = Debug|Any CPU
		{0C1D7BCF-67FB-43E2-B091-8432C78D8154}.Debug|iPhoneSimulator.ActiveCfg = Debug|Any CPU
		{0C1D7BCF-67FB-43E2-B091-8432C78D8154}.Debug|iPhoneSimulator.Build.0 = Debug|Any CPU
		{0C1D7BCF-67FB-43E2-B091-8432C78D8154}.Debug|Mixed Platforms.ActiveCfg = Debug|Any CPU
		{0C1D7BCF-67FB-43E2-B091-8432C78D8154}.Debug|Mixed Platforms.Build.0 = Debug|Any CPU
		{0C1D7BCF-67FB-43E2-B091-8432C78D8154}.Debug|Win32.ActiveCfg = Debug|Any CPU
		{0C1D7BCF-67FB-43E2-B091-8432C78D8154}.Debug|Win32.Build.0 = Debug|Any CPU
		{0C1D7BCF-67FB-43E2-B091-8432C78D8154}.Debug|x64.ActiveCfg = Debug|Any CPU
		{0C1D7BCF-67FB-43E2-B091-8432C78D8154}.Debug|x64.Build.0 = Debug|Any CPU
		{0C1D7BCF-67FB-43E2-B091-8432C78D8154}.Debug|x86.ActiveCfg = Debug|Any CPU
		{0C1D7BCF-67FB-43E2-B091-8432C78D8154}.Debug|x86.Build.0 = Debug|Any CPU
		{0C1D7BCF-67FB-43E2-B091-8432C78D8154}.Default|Any CPU.ActiveCfg = Debug|Any CPU
		{0C1D7BCF-67FB-43E2-B091-8432C78D8154}.Default|Any CPU.Build.0 = Debug|Any CPU
		{0C1D7BCF-67FB-43E2-B091-8432C78D8154}.Release_Ubuntu|Any CPU.ActiveCfg = Debug|Any CPU
		{0C1D7BCF-67FB-43E2-B091-8432C78D8154}.Release_Ubuntu|Any CPU.Build.0 = Debug|Any CPU
		{0C1D7BCF-67FB-43E2-B091-8432C78D8154}.Release|Any CPU.ActiveCfg = Release|Any CPU
		{0C1D7BCF-67FB-43E2-B091-8432C78D8154}.Release|Any CPU.Build.0 = Release|Any CPU
		{0C1D7BCF-67FB-43E2-B091-8432C78D8154}.Release|ARM.ActiveCfg = Release|Any CPU
		{0C1D7BCF-67FB-43E2-B091-8432C78D8154}.Release|ARM.Build.0 = Release|Any CPU
		{0C1D7BCF-67FB-43E2-B091-8432C78D8154}.Release|iPhone.ActiveCfg = Release|Any CPU
		{0C1D7BCF-67FB-43E2-B091-8432C78D8154}.Release|iPhone.Build.0 = Release|Any CPU
		{0C1D7BCF-67FB-43E2-B091-8432C78D8154}.Release|iPhoneSimulator.ActiveCfg = Release|Any CPU
		{0C1D7BCF-67FB-43E2-B091-8432C78D8154}.Release|iPhoneSimulator.Build.0 = Release|Any CPU
		{0C1D7BCF-67FB-43E2-B091-8432C78D8154}.Release|Mixed Platforms.ActiveCfg = Release|Any CPU
		{0C1D7BCF-67FB-43E2-B091-8432C78D8154}.Release|Mixed Platforms.Build.0 = Release|Any CPU
		{0C1D7BCF-67FB-43E2-B091-8432C78D8154}.Release|Win32.ActiveCfg = Release|Any CPU
		{0C1D7BCF-67FB-43E2-B091-8432C78D8154}.Release|Win32.Build.0 = Release|Any CPU
		{0C1D7BCF-67FB-43E2-B091-8432C78D8154}.Release|x64.ActiveCfg = Release|Any CPU
		{0C1D7BCF-67FB-43E2-B091-8432C78D8154}.Release|x64.Build.0 = Release|Any CPU
		{0C1D7BCF-67FB-43E2-B091-8432C78D8154}.Release|x86.ActiveCfg = Release|Any CPU
		{0C1D7BCF-67FB-43E2-B091-8432C78D8154}.Release|x86.Build.0 = Release|Any CPU
		{58E0303B-84A3-4B1F-B992-2E2D48C5E019}.Ad-Hoc|iPhone.ActiveCfg = Release|Any CPU
		{58E0303B-84A3-4B1F-B992-2E2D48C5E019}.Ad-Hoc|iPhone.Build.0 = Release|Any CPU
		{58E0303B-84A3-4B1F-B992-2E2D48C5E019}.AppStore|iPhone.ActiveCfg = Release|Any CPU
		{58E0303B-84A3-4B1F-B992-2E2D48C5E019}.AppStore|iPhone.Build.0 = Release|Any CPU
		{58E0303B-84A3-4B1F-B992-2E2D48C5E019}.Debug_Ubuntu|Any CPU.ActiveCfg = Debug|Any CPU
		{58E0303B-84A3-4B1F-B992-2E2D48C5E019}.Debug_Ubuntu|Any CPU.Build.0 = Debug|Any CPU
		{58E0303B-84A3-4B1F-B992-2E2D48C5E019}.Debug|Any CPU.ActiveCfg = Debug|Any CPU
		{58E0303B-84A3-4B1F-B992-2E2D48C5E019}.Debug|Any CPU.Build.0 = Debug|Any CPU
		{58E0303B-84A3-4B1F-B992-2E2D48C5E019}.Debug|ARM.ActiveCfg = Debug|Any CPU
		{58E0303B-84A3-4B1F-B992-2E2D48C5E019}.Debug|ARM.Build.0 = Debug|Any CPU
		{58E0303B-84A3-4B1F-B992-2E2D48C5E019}.Debug|iPhone.ActiveCfg = Debug|Any CPU
		{58E0303B-84A3-4B1F-B992-2E2D48C5E019}.Debug|iPhone.Build.0 = Debug|Any CPU
		{58E0303B-84A3-4B1F-B992-2E2D48C5E019}.Debug|iPhoneSimulator.ActiveCfg = Debug|Any CPU
		{58E0303B-84A3-4B1F-B992-2E2D48C5E019}.Debug|iPhoneSimulator.Build.0 = Debug|Any CPU
		{58E0303B-84A3-4B1F-B992-2E2D48C5E019}.Debug|Mixed Platforms.ActiveCfg = Debug|Any CPU
		{58E0303B-84A3-4B1F-B992-2E2D48C5E019}.Debug|Mixed Platforms.Build.0 = Debug|Any CPU
		{58E0303B-84A3-4B1F-B992-2E2D48C5E019}.Debug|Win32.ActiveCfg = Debug|Any CPU
		{58E0303B-84A3-4B1F-B992-2E2D48C5E019}.Debug|Win32.Build.0 = Debug|Any CPU
		{58E0303B-84A3-4B1F-B992-2E2D48C5E019}.Debug|x64.ActiveCfg = Debug|Any CPU
		{58E0303B-84A3-4B1F-B992-2E2D48C5E019}.Debug|x64.Build.0 = Debug|Any CPU
		{58E0303B-84A3-4B1F-B992-2E2D48C5E019}.Debug|x86.ActiveCfg = Debug|Any CPU
		{58E0303B-84A3-4B1F-B992-2E2D48C5E019}.Debug|x86.Build.0 = Debug|Any CPU
		{58E0303B-84A3-4B1F-B992-2E2D48C5E019}.Default|Any CPU.ActiveCfg = Debug|Any CPU
		{58E0303B-84A3-4B1F-B992-2E2D48C5E019}.Default|Any CPU.Build.0 = Debug|Any CPU
		{58E0303B-84A3-4B1F-B992-2E2D48C5E019}.Release_Ubuntu|Any CPU.ActiveCfg = Debug|Any CPU
		{58E0303B-84A3-4B1F-B992-2E2D48C5E019}.Release_Ubuntu|Any CPU.Build.0 = Debug|Any CPU
		{58E0303B-84A3-4B1F-B992-2E2D48C5E019}.Release|Any CPU.ActiveCfg = Release|Any CPU
		{58E0303B-84A3-4B1F-B992-2E2D48C5E019}.Release|Any CPU.Build.0 = Release|Any CPU
		{58E0303B-84A3-4B1F-B992-2E2D48C5E019}.Release|ARM.ActiveCfg = Release|Any CPU
		{58E0303B-84A3-4B1F-B992-2E2D48C5E019}.Release|ARM.Build.0 = Release|Any CPU
		{58E0303B-84A3-4B1F-B992-2E2D48C5E019}.Release|iPhone.ActiveCfg = Release|Any CPU
		{58E0303B-84A3-4B1F-B992-2E2D48C5E019}.Release|iPhone.Build.0 = Release|Any CPU
		{58E0303B-84A3-4B1F-B992-2E2D48C5E019}.Release|iPhoneSimulator.ActiveCfg = Release|Any CPU
		{58E0303B-84A3-4B1F-B992-2E2D48C5E019}.Release|iPhoneSimulator.Build.0 = Release|Any CPU
		{58E0303B-84A3-4B1F-B992-2E2D48C5E019}.Release|Mixed Platforms.ActiveCfg = Release|Any CPU
		{58E0303B-84A3-4B1F-B992-2E2D48C5E019}.Release|Mixed Platforms.Build.0 = Release|Any CPU
		{58E0303B-84A3-4B1F-B992-2E2D48C5E019}.Release|Win32.ActiveCfg = Release|Any CPU
		{58E0303B-84A3-4B1F-B992-2E2D48C5E019}.Release|Win32.Build.0 = Release|Any CPU
		{58E0303B-84A3-4B1F-B992-2E2D48C5E019}.Release|x64.ActiveCfg = Release|Any CPU
		{58E0303B-84A3-4B1F-B992-2E2D48C5E019}.Release|x64.Build.0 = Release|Any CPU
		{58E0303B-84A3-4B1F-B992-2E2D48C5E019}.Release|x86.ActiveCfg = Release|Any CPU
		{58E0303B-84A3-4B1F-B992-2E2D48C5E019}.Release|x86.Build.0 = Release|Any CPU
		{7629516B-62CE-41DD-A943-18633C705ADB}.Ad-Hoc|iPhone.ActiveCfg = Debug|Any CPU
		{7629516B-62CE-41DD-A943-18633C705ADB}.Ad-Hoc|iPhone.Build.0 = Debug|Any CPU
		{7629516B-62CE-41DD-A943-18633C705ADB}.AppStore|iPhone.ActiveCfg = Debug|Any CPU
		{7629516B-62CE-41DD-A943-18633C705ADB}.AppStore|iPhone.Build.0 = Debug|Any CPU
		{7629516B-62CE-41DD-A943-18633C705ADB}.Debug_Ubuntu|Any CPU.ActiveCfg = Debug|Any CPU
		{7629516B-62CE-41DD-A943-18633C705ADB}.Debug_Ubuntu|Any CPU.Build.0 = Debug|Any CPU
		{7629516B-62CE-41DD-A943-18633C705ADB}.Debug|Any CPU.ActiveCfg = Debug|Any CPU
		{7629516B-62CE-41DD-A943-18633C705ADB}.Debug|Any CPU.Build.0 = Debug|Any CPU
		{7629516B-62CE-41DD-A943-18633C705ADB}.Debug|ARM.ActiveCfg = Debug|Any CPU
		{7629516B-62CE-41DD-A943-18633C705ADB}.Debug|ARM.Build.0 = Debug|Any CPU
		{7629516B-62CE-41DD-A943-18633C705ADB}.Debug|iPhone.ActiveCfg = Debug|Any CPU
		{7629516B-62CE-41DD-A943-18633C705ADB}.Debug|iPhone.Build.0 = Debug|Any CPU
		{7629516B-62CE-41DD-A943-18633C705ADB}.Debug|iPhoneSimulator.ActiveCfg = Debug|Any CPU
		{7629516B-62CE-41DD-A943-18633C705ADB}.Debug|iPhoneSimulator.Build.0 = Debug|Any CPU
		{7629516B-62CE-41DD-A943-18633C705ADB}.Debug|Mixed Platforms.ActiveCfg = Debug|Any CPU
		{7629516B-62CE-41DD-A943-18633C705ADB}.Debug|Mixed Platforms.Build.0 = Debug|Any CPU
		{7629516B-62CE-41DD-A943-18633C705ADB}.Debug|Win32.ActiveCfg = Debug|Any CPU
		{7629516B-62CE-41DD-A943-18633C705ADB}.Debug|Win32.Build.0 = Debug|Any CPU
		{7629516B-62CE-41DD-A943-18633C705ADB}.Debug|x64.ActiveCfg = Debug|Any CPU
		{7629516B-62CE-41DD-A943-18633C705ADB}.Debug|x64.Build.0 = Debug|Any CPU
		{7629516B-62CE-41DD-A943-18633C705ADB}.Debug|x86.ActiveCfg = Debug|Any CPU
		{7629516B-62CE-41DD-A943-18633C705ADB}.Debug|x86.Build.0 = Debug|Any CPU
		{7629516B-62CE-41DD-A943-18633C705ADB}.Default|Any CPU.ActiveCfg = Debug|Any CPU
		{7629516B-62CE-41DD-A943-18633C705ADB}.Default|Any CPU.Build.0 = Debug|Any CPU
		{7629516B-62CE-41DD-A943-18633C705ADB}.Release_Ubuntu|Any CPU.ActiveCfg = Debug|Any CPU
		{7629516B-62CE-41DD-A943-18633C705ADB}.Release_Ubuntu|Any CPU.Build.0 = Debug|Any CPU
		{7629516B-62CE-41DD-A943-18633C705ADB}.Release|Any CPU.ActiveCfg = Release|Any CPU
		{7629516B-62CE-41DD-A943-18633C705ADB}.Release|Any CPU.Build.0 = Release|Any CPU
		{7629516B-62CE-41DD-A943-18633C705ADB}.Release|ARM.ActiveCfg = Release|Any CPU
		{7629516B-62CE-41DD-A943-18633C705ADB}.Release|ARM.Build.0 = Release|Any CPU
		{7629516B-62CE-41DD-A943-18633C705ADB}.Release|iPhone.ActiveCfg = Release|Any CPU
		{7629516B-62CE-41DD-A943-18633C705ADB}.Release|iPhone.Build.0 = Release|Any CPU
		{7629516B-62CE-41DD-A943-18633C705ADB}.Release|iPhoneSimulator.ActiveCfg = Release|Any CPU
		{7629516B-62CE-41DD-A943-18633C705ADB}.Release|iPhoneSimulator.Build.0 = Release|Any CPU
		{7629516B-62CE-41DD-A943-18633C705ADB}.Release|Mixed Platforms.ActiveCfg = Release|Any CPU
		{7629516B-62CE-41DD-A943-18633C705ADB}.Release|Mixed Platforms.Build.0 = Release|Any CPU
		{7629516B-62CE-41DD-A943-18633C705ADB}.Release|Win32.ActiveCfg = Release|Any CPU
		{7629516B-62CE-41DD-A943-18633C705ADB}.Release|Win32.Build.0 = Release|Any CPU
		{7629516B-62CE-41DD-A943-18633C705ADB}.Release|x64.ActiveCfg = Release|Any CPU
		{7629516B-62CE-41DD-A943-18633C705ADB}.Release|x64.Build.0 = Release|Any CPU
		{7629516B-62CE-41DD-A943-18633C705ADB}.Release|x86.ActiveCfg = Release|Any CPU
		{7629516B-62CE-41DD-A943-18633C705ADB}.Release|x86.Build.0 = Release|Any CPU
		{9FBDA777-5C66-441C-9AA2-7F4BCD41413A}.Ad-Hoc|iPhone.ActiveCfg = Debug|Any CPU
		{9FBDA777-5C66-441C-9AA2-7F4BCD41413A}.Ad-Hoc|iPhone.Build.0 = Debug|Any CPU
		{9FBDA777-5C66-441C-9AA2-7F4BCD41413A}.AppStore|iPhone.ActiveCfg = Debug|Any CPU
		{9FBDA777-5C66-441C-9AA2-7F4BCD41413A}.AppStore|iPhone.Build.0 = Debug|Any CPU
		{9FBDA777-5C66-441C-9AA2-7F4BCD41413A}.Debug_Ubuntu|Any CPU.ActiveCfg = Debug|Any CPU
		{9FBDA777-5C66-441C-9AA2-7F4BCD41413A}.Debug_Ubuntu|Any CPU.Build.0 = Debug|Any CPU
		{9FBDA777-5C66-441C-9AA2-7F4BCD41413A}.Debug|Any CPU.ActiveCfg = Debug|Any CPU
		{9FBDA777-5C66-441C-9AA2-7F4BCD41413A}.Debug|Any CPU.Build.0 = Debug|Any CPU
		{9FBDA777-5C66-441C-9AA2-7F4BCD41413A}.Debug|ARM.ActiveCfg = Debug|Any CPU
		{9FBDA777-5C66-441C-9AA2-7F4BCD41413A}.Debug|iPhone.ActiveCfg = Debug|Any CPU
		{9FBDA777-5C66-441C-9AA2-7F4BCD41413A}.Debug|iPhone.Build.0 = Debug|Any CPU
		{9FBDA777-5C66-441C-9AA2-7F4BCD41413A}.Debug|iPhoneSimulator.ActiveCfg = Debug|Any CPU
		{9FBDA777-5C66-441C-9AA2-7F4BCD41413A}.Debug|iPhoneSimulator.Build.0 = Debug|Any CPU
		{9FBDA777-5C66-441C-9AA2-7F4BCD41413A}.Debug|Mixed Platforms.ActiveCfg = Debug|Any CPU
		{9FBDA777-5C66-441C-9AA2-7F4BCD41413A}.Debug|Mixed Platforms.Build.0 = Debug|Any CPU
		{9FBDA777-5C66-441C-9AA2-7F4BCD41413A}.Debug|Win32.ActiveCfg = Debug|Any CPU
		{9FBDA777-5C66-441C-9AA2-7F4BCD41413A}.Debug|x64.ActiveCfg = Debug|Any CPU
		{9FBDA777-5C66-441C-9AA2-7F4BCD41413A}.Debug|x86.ActiveCfg = Debug|Any CPU
		{9FBDA777-5C66-441C-9AA2-7F4BCD41413A}.Default|Any CPU.ActiveCfg = Debug|Any CPU
		{9FBDA777-5C66-441C-9AA2-7F4BCD41413A}.Default|Any CPU.Build.0 = Debug|Any CPU
		{9FBDA777-5C66-441C-9AA2-7F4BCD41413A}.Release_Ubuntu|Any CPU.ActiveCfg = Debug|Any CPU
		{9FBDA777-5C66-441C-9AA2-7F4BCD41413A}.Release_Ubuntu|Any CPU.Build.0 = Debug|Any CPU
		{9FBDA777-5C66-441C-9AA2-7F4BCD41413A}.Release|Any CPU.ActiveCfg = Release|Any CPU
		{9FBDA777-5C66-441C-9AA2-7F4BCD41413A}.Release|Any CPU.Build.0 = Release|Any CPU
		{9FBDA777-5C66-441C-9AA2-7F4BCD41413A}.Release|ARM.ActiveCfg = Release|Any CPU
		{9FBDA777-5C66-441C-9AA2-7F4BCD41413A}.Release|iPhone.ActiveCfg = Release|Any CPU
		{9FBDA777-5C66-441C-9AA2-7F4BCD41413A}.Release|iPhone.Build.0 = Release|Any CPU
		{9FBDA777-5C66-441C-9AA2-7F4BCD41413A}.Release|iPhoneSimulator.ActiveCfg = Release|Any CPU
		{9FBDA777-5C66-441C-9AA2-7F4BCD41413A}.Release|iPhoneSimulator.Build.0 = Release|Any CPU
		{9FBDA777-5C66-441C-9AA2-7F4BCD41413A}.Release|Mixed Platforms.ActiveCfg = Release|Any CPU
		{9FBDA777-5C66-441C-9AA2-7F4BCD41413A}.Release|Mixed Platforms.Build.0 = Release|Any CPU
		{9FBDA777-5C66-441C-9AA2-7F4BCD41413A}.Release|Win32.ActiveCfg = Release|Any CPU
		{9FBDA777-5C66-441C-9AA2-7F4BCD41413A}.Release|x64.ActiveCfg = Release|Any CPU
		{9FBDA777-5C66-441C-9AA2-7F4BCD41413A}.Release|x86.ActiveCfg = Release|Any CPU
	EndGlobalSection
	GlobalSection(MonoDevelopProperties) = preSolution
		StartupItem = KidoZen.Client.Android\KidoZen.Client.Android.csproj
		version = 1.0.3
	EndGlobalSection
	GlobalSection(SolutionProperties) = preSolution
		HideSolutionNode = FALSE
	EndGlobalSection
EndGlobal
